{
    "_meta": {
        "hash": {
            "sha256": "33c490d2be4ae6cfbc7e5f758c45dd7dd05aea9ab673c568996de4c3cbf3fb5f"
        },
        "pipfile-spec": 6,
        "requires": {
            "python_version": "3.10"
        },
        "sources": [
            {
                "name": "pypi",
                "url": "https://pypi.org/simple",
                "verify_ssl": true
            }
        ]
    },
    "default": {
        "mutagen": {
            "hashes": [
                "sha256:719fadef0a978c31b4cf3c956261b3c58b6948b32023078a2117b1de09f0fc99",
                "sha256:edd96f50c5907a9539d8e5bba7245f62c9f520aef333d13392a79a4f70aca719"
            ],
            "index": "pypi",
            "markers": "python_version >= '3.7'",
            "version": "==1.47.0"
        }
    },
    "develop": {}
}
